
Microsoft Visual Studio Solution File, Format Version 12.00
# Visual Studio Version 17
VisualStudioVersion = 17.2.32616.157
MinimumVisualStudioVersion = 10.0.40219.1
Project("{9A19103F-16F7-4668-BE54-9A1E7A4F7556}") = "CRUID_1", "CRUID_1\CRUID_1.csproj", "{FDF65D1B-611D-49C3-B878-375CEE74C54F}"
EndProject
Project("{FAE04EC0-301F-11D3-BF4B-00C04F79EFBC}") = "CRUID_1.DAL", "CRUID_1.DAL\CRUID_1.DAL.csproj", "{983A118E-9ECB-4221-9017-6179C90A35AF}"
EndProject
Global
	GlobalSection(SolutionConfigurationPlatforms) = preSolution
		Debug|Any CPU = Debug|Any CPU
		Release|Any CPU = Release|Any CPU
	EndGlobalSection
	GlobalSection(ProjectConfigurationPlatforms) = postSolution
		{FDF65D1B-611D-49C3-B878-375CEE74C54F}.Debug|Any CPU.ActiveCfg = Debug|Any CPU
		{FDF65D1B-611D-49C3-B878-375CEE74C54F}.Debug|Any CPU.Build.0 = Debug|Any CPU
		{FDF65D1B-611D-49C3-B878-375CEE74C54F}.Release|Any CPU.ActiveCfg = Release|Any CPU
		{FDF65D1B-611D-49C3-B878-375CEE74C54F}.Release|Any CPU.Build.0 = Release|Any CPU
		{983A118E-9ECB-4221-9017-6179C90A35AF}.Debug|Any CPU.ActiveCfg = Debug|Any CPU
		{983A118E-9ECB-4221-9017-6179C90A35AF}.Debug|Any CPU.Build.0 = Debug|Any CPU
		{983A118E-9ECB-4221-9017-6179C90A35AF}.Release|Any CPU.ActiveCfg = Release|Any CPU
		{983A118E-9ECB-4221-9017-6179C90A35AF}.Release|Any CPU.Build.0 = Release|Any CPU
	EndGlobalSection
	GlobalSection(SolutionProperties) = preSolution
		HideSolutionNode = FALSE
	EndGlobalSection
	GlobalSection(ExtensibilityGlobals) = postSolution
		SolutionGuid = {F93901DA-3C09-45C5-A021-D276CD64A667}
	EndGlobalSection
EndGlobal
